// !$*UTF8*$!
{
	archiveVersion = 1;
	classes = {
	};
	objectVersion = 48;
	objects = {

/* Begin PBXBuildFile section */
		DDC1AD0F1F2588C900665E7E /* AppDelegate.swift in Sources */ = {isa = PBXBuildFile; fileRef = DDC1AD0E1F2588C900665E7E /* AppDelegate.swift */; };
		DDC1AD141F2588C900665E7E /* Main.storyboard in Resources */ = {isa = PBXBuildFile; fileRef = DDC1AD121F2588C900665E7E /* Main.storyboard */; };
		DDC1AD171F2588C900665E7E /* ToDo_List.xcdatamodeld in Sources */ = {isa = PBXBuildFile; fileRef = DDC1AD151F2588C900665E7E /* ToDo_List.xcdatamodeld */; };
		DDC1AD191F2588C900665E7E /* Assets.xcassets in Resources */ = {isa = PBXBuildFile; fileRef = DDC1AD181F2588C900665E7E /* Assets.xcassets */; };
		DDC1AD1C1F2588C900665E7E /* LaunchScreen.storyboard in Resources */ = {isa = PBXBuildFile; fileRef = DDC1AD1A1F2588C900665E7E /* LaunchScreen.storyboard */; };
		DDC1AD241F258DDB00665E7E /* ToDoTableViewController.swift in Sources */ = {isa = PBXBuildFile; fileRef = DDC1AD231F258DDB00665E7E /* ToDoTableViewController.swift */; };
		DDC1AD261F2590A200665E7E /* ToDo.swift in Sources */ = {isa = PBXBuildFile; fileRef = DDC1AD251F2590A200665E7E /* ToDo.swift */; };
		DDC1AD281F25990400665E7E /* AddToDoViewController.swift in Sources */ = {isa = PBXBuildFile; fileRef = DDC1AD271F25990400665E7E /* AddToDoViewController.swift */; };
		DDC1AD2A1F28411C00665E7E /* CompleteToDoViewController.swift in Sources */ = {isa = PBXBuildFile; fileRef = DDC1AD291F28411C00665E7E /* CompleteToDoViewController.swift */; };
/* End PBXBuildFile section */

/* Begin PBXFileReference section */
		DDC1AD0B1F2588C900665E7E /* ToDo List.app */ = {isa = PBXFileReference; explicitFileType = wrapper.application; includeInIndex = 0; path = "ToDo List.app"; sourceTree = BUILT_PRODUCTS_DIR; };
		DDC1AD0E1F2588C900665E7E /* AppDelegate.swift */ = {isa = PBXFileReference; lastKnownFileType = sourcecode.swift; path = AppDelegate.swift; sourceTree = "<group>"; };
		DDC1AD131F2588C900665E7E /* Base */ = {isa = PBXFileReference; lastKnownFileType = file.storyboard; name = Base; path = Base.lproj/Main.storyboard; sourceTree = "<group>"; };
		DDC1AD161F2588C900665E7E /* ToDo_List.xcdatamodel */ = {isa = PBXFileReference; lastKnownFileType = wrapper.xcdatamodel; path = ToDo_List.xcdatamodel; sourceTree = "<group>"; };
		DDC1AD181F2588C900665E7E /* Assets.xcassets */ = {isa = PBXFileReference; lastKnownFileType = folder.assetcatalog; path = Assets.xcassets; sourceTree = "<group>"; };
		DDC1AD1B1F2588C900665E7E /* Base */ = {isa = PBXFileReference; lastKnownFileType = file.storyboard; name = Base; path = Base.lproj/LaunchScreen.storyboard; sourceTree = "<group>"; };
		DDC1AD1D1F2588C900665E7E /* Info.plist */ = {isa = PBXFileReference; lastKnownFileType = text.plist.xml; path = Info.plist; sourceTree = "<group>"; };
		DDC1AD231F258DDB00665E7E /* ToDoTableViewController.swift */ = {isa = PBXFileReference; lastKnownFileType = sourcecode.swift; path = ToDoTableViewController.swift; sourceTree = "<group>"; };
		DDC1AD251F2590A200665E7E /* ToDo.swift */ = {isa = PBXFileReference; lastKnownFileType = sourcecode.swift; path = ToDo.swift; sourceTree = "<group>"; };
		DDC1AD271F25990400665E7E /* AddToDoViewController.swift */ = {isa = PBXFileReference; lastKnownFileType = sourcecode.swift; path = AddToDoViewController.swift; sourceTree = "<group>"; };
		DDC1AD291F28411C00665E7E /* CompleteToDoViewController.swift */ = {isa = PBXFileReference; lastKnownFileType = sourcecode.swift; path = CompleteToDoViewController.swift; sourceTree = "<group>"; };
/* End PBXFileReference section */

/* Begin PBXFrameworksBuildPhase section */
		DDC1AD081F2588C900665E7E /* Frameworks */ = {
			isa = PBXFrameworksBuildPhase;
			buildActionMask = 2147483647;
			files = (
			);
			runOnlyForDeploymentPostprocessing = 0;
		};
/* End PBXFrameworksBuildPhase section */

/* Begin PBXGroup section */
		DDC1AD021F2588C800665E7E = {
			isa = PBXGroup;
			children = (
				DDC1AD0D1F2588C900665E7E /* ToDo List */,
				DDC1AD0C1F2588C900665E7E /* Products */,
			);
			sourceTree = "<group>";
		};
		DDC1AD0C1F2588C900665E7E /* Products */ = {
			isa = PBXGroup;
			children = (
				DDC1AD0B1F2588C900665E7E /* ToDo List.app */,
			);
			name = Products;
			sourceTree = "<group>";
		};
		DDC1AD0D1F2588C900665E7E /* ToDo List */ = {
			isa = PBXGroup;
			children = (
				DDC1AD0E1F2588C900665E7E /* AppDelegate.swift */,
				DDC1AD231F258DDB00665E7E /* ToDoTableViewController.swift */,
				DDC1AD251F2590A200665E7E /* ToDo.swift */,
				DDC1AD271F25990400665E7E /* AddToDoViewController.swift */,
				DDC1AD121F2588C900665E7E /* Main.storyboard */,
				DDC1AD291F28411C00665E7E /* CompleteToDoViewController.swift */,
				DDC1AD181F2588C900665E7E /* Assets.xcassets */,
				DDC1AD1A1F2588C900665E7E /* LaunchScreen.storyboard */,
				DDC1AD1D1F2588C900665E7E /* Info.plist */,
				DDC1AD151F2588C900665E7E /* ToDo_List.xcdatamodeld */,
			);
			path = "ToDo List";
			sourceTree = "<group>";
		};
/* End PBXGroup section */

/* Begin PBXNativeTarget section */
		DDC1AD0A1F2588C900665E7E /* ToDo List */ = {
			isa = PBXNativeTarget;
			buildConfigurationList = DDC1AD201F2588C900665E7E /* Build configuration list for PBXNativeTarget "ToDo List" */;
			buildPhases = (
				DDC1AD071F2588C900665E7E /* Sources */,
				DDC1AD081F2588C900665E7E /* Frameworks */,
				DDC1AD091F2588C900665E7E /* Resources */,
			);
			buildRules = (
			);
			dependencies = (
			);
			name = "ToDo List";
			productName = "ToDo List";
			productReference = DDC1AD0B1F2588C900665E7E /* ToDo List.app */;
			productType = "com.apple.product-type.application";
		};
/* End PBXNativeTarget section */

/* Begin PBXProject section */
		DDC1AD031F2588C800665E7E /* Project object */ = {
			isa = PBXProject;
			attributes = {
				LastSwiftUpdateCheck = 0900;
				LastUpgradeCheck = 0900;
				ORGANIZATIONNAME = "Nevin Herring";
				TargetAttributes = {
					DDC1AD0A1F2588C900665E7E = {
						CreatedOnToolsVersion = 9.0;
					};
				};
			};
			buildConfigurationList = DDC1AD061F2588C800665E7E /* Build configuration list for PBXProject "ToDo List" */;
			compatibilityVersion = "Xcode 8.0";
			developmentRegion = en;
			hasScannedForEncodings = 0;
			knownRegions = (
				en,
				Base,
			);
			mainGroup = DDC1AD021F2588C800665E7E;
			productRefGroup = DDC1AD0C1F2588C900665E7E /* Products */;
			projectDirPath = "";
			projectRoot = "";
			targets = (
				DDC1AD0A1F2588C900665E7E /* ToDo List */,
			);
		};
/* End PBXProject section */

/* Begin PBXResourcesBuildPhase section */
		DDC1AD091F2588C900665E7E /* Resources */ = {
			isa = PBXResourcesBuildPhase;
			buildActionMask = 2147483647;
			files = (
				DDC1AD1C1F2588C900665E7E /* LaunchScreen.storyboard in Resources */,
				DDC1AD191F2588C900665E7E /* Assets.xcassets in Resources */,
				DDC1AD141F2588C900665E7E /* Main.storyboard in Resources */,
			);
			runOnlyForDeploymentPostprocessing = 0;
		};
/* End PBXResourcesBuildPhase section */

/* Begin PBXSourcesBuildPhase section */
		DDC1AD071F2588C900665E7E /* Sources */ = {
			isa = PBXSourcesBuildPhase;
			buildActionMask = 2147483647;
			files = (
				DDC1AD0F1F2588C900665E7E /* AppDelegate.swift in Sources */,
				DDC1AD241F258DDB00665E7E /* ToDoTableViewController.swift in Sources */,
				DDC1AD281F25990400665E7E /* AddToDoViewController.swift in Sources */,
				DDC1AD171F2588C900665E7E /* ToDo_List.xcdatamodeld in Sources */,
				DDC1AD2A1F28411C00665E7E /* CompleteToDoViewController.swift in Sources */,
				DDC1AD261F2590A200665E7E /* ToDo.swift in Sources */,
			);
			runOnlyForDeploymentPostprocessing = 0;
		};
/* End PBXSourcesBuildPhase section */

/* Begin PBXVariantGroup section */
		DDC1AD121F2588C900665E7E /* Main.storyboard */ = {
			isa = PBXVariantGroup;
			children = (
				DDC1AD131F2588C900665E7E /* Base */,
			);
			name = Main.storyboard;
			sourceTree = "<group>";
		};
		DDC1AD1A1F2588C900665E7E /* LaunchScreen.storyboard */ = {
			isa = PBXVariantGroup;
			children = (
				DDC1AD1B1F2588C900665E7E /* Base */,
			);
			name = LaunchScreen.storyboard;
			sourceTree = "<group>";
		};
/* End PBXVariantGroup section */

/* Begin XCBuildConfiguration section */
		DDC1AD1E1F2588C900665E7E /* Debug */ = {
			isa = XCBuildConfiguration;
			buildSettings = {
				ALWAYS_SEARCH_USER_PATHS = NO;
				CLANG_ANALYZER_NONNULL = YES;
				CLANG_ANALYZER_NUMBER_OBJECT_CONVERSION = YES_AGGRESSIVE;
				CLANG_CXX_LANGUAGE_STANDARD = "gnu++14";
				CLANG_CXX_LIBRARY = "libc++";
				CLANG_ENABLE_MODULES = YES;
				CLANG_ENABLE_OBJC_ARC = YES;
				CLANG_WARN_BLOCK_CAPTURE_AUTORELEASING = YES;
				CLANG_WARN_BOOL_CONVERSION = YES;
				CLANG_WARN_COMMA = YES;
				CLANG_WARN_CONSTANT_CONVERSION = YES;
				CLANG_WARN_DIRECT_OBJC_ISA_USAGE = YES_ERROR;
				CLANG_WARN_DOCUMENTATION_COMMENTS = YES;
				CLANG_WARN_EMPTY_BODY = YES;
				CLANG_WARN_ENUM_CONVERSION = YES;
				CLANG_WARN_INFINITE_RECURSION = YES;
				CLANG_WARN_INT_CONVERSION = YES;
				CLANG_WARN_NON_LITERAL_NULL_CONVERSION = YES;
				CLANG_WARN_OBJC_LITERAL_CONVERSION = YES;
				CLANG_WARN_OBJC_ROOT_CLASS = YES_ERROR;
				CLANG_WARN_RANGE_LOOP_ANALYSIS = YES;
				CLANG_WARN_STRICT_PROTOTYPES = YES;
				CLANG_WARN_SUSPICIOUS_MOVE = YES;
				CLANG_WARN_UNGUARDED_AVAILABILITY = YES_AGGRESSIVE;
				CLANG_WARN_UNREACHABLE_CODE = YES;
				CLANG_WARN__DUPLICATE_METHOD_MATCH = YES;
				CODE_SIGN_IDENTITY = "iPhone Developer";
				COPY_PHASE_STRIP = NO;
				DEBUG_INFORMATION_FORMAT = dwarf;
				ENABLE_STRICT_OBJC_MSGSEND = YES;
				ENABLE_TESTABILITY = YES;
				GCC_C_LANGUAGE_STANDARD = gnu11;
				GCC_DYNAMIC_NO_PIC = NO;
				GCC_NO_COMMON_BLOCKS = YES;
				GCC_OPTIMIZATION_LEVEL = 0;
				GCC_PREPROCESSOR_DEFINITIONS = (
					"DEBUG=1",
					"$(inherited)",
				);
				GCC_WARN_64_TO_32_BIT_CONVERSION = YES;
				GCC_WARN_ABOUT_RETURN_TYPE = YES_ERROR;
				GCC_WARN_UNDECLARED_SELECTOR = YES;
				GCC_WARN_UNINITIALIZED_AUTOS = YES_AGGRESSIVE;
				GCC_WARN_UNUSED_FUNCTION = YES;
				GCC_WARN_UNUSED_VARIABLE = YES;
				IPHONEOS_DEPLOYMENT_TARGET = 11.0;
				MTL_ENABLE_DEBUG_INFO = YES;
				ONLY_ACTIVE_ARCH = YES;
				SDKROOT = iphoneos;
				SWIFT_ACTIVE_COMPILATION_CONDITIONS = DEBUG;
				SWIFT_OPTIMIZATION_LEVEL = "-Onone";
			};
			name = Debug;
		};
		DDC1AD1F1F2588C900665E7E /* Release */ = {
			isa = XCBuildConfiguration;
			buildSettings = {
				ALWAYS_SEARCH_USER_PATHS = NO;
				CLANG_ANALYZER_NONNULL = YES;
				CLANG_ANALYZER_NUMBER_OBJECT_CONVERSION = YES_AGGRESSIVE;
				CLANG_CXX_LANGUAGE_STANDARD = "gnu++14";
				CLANG_CXX_LIBRARY = "libc++";
				CLANG_ENABLE_MODULES = YES;
				CLANG_ENABLE_OBJC_ARC = YES;
				CLANG_WARN_BLOCK_CAPTURE_AUTORELEASING = YES;
				CLANG_WARN_BOOL_CONVERSION = YES;
				CLANG_WARN_COMMA = YES;
				CLANG_WARN_CONSTANT_CONVERSION = YES;
				CLANG_WARN_DIRECT_OBJC_ISA_USAGE = YES_ERROR;
				CLANG_WARN_DOCUMENTATION_COMMENTS = YES;
				CLANG_WARN_EMPTY_BODY = YES;
				CLANG_WARN_ENUM_CONVERSION = YES;
				CLANG_WARN_INFINITE_RECURSION = YES;
				CLANG_WARN_INT_CONVERSION = YES;
				CLANG_WARN_NON_LITERAL_NULL_CONVERSION = YES;
				CLANG_WARN_OBJC_LITERAL_CONVERSION = YES;
				CLANG_WARN_OBJC_ROOT_CLASS = YES_ERROR;
				CLANG_WARN_RANGE_LOOP_ANALYSIS = YES;
				CLANG_WARN_STRICT_PROTOTYPES = YES;
				CLANG_WARN_SUSPICIOUS_MOVE = YES;
				CLANG_WARN_UNGUARDED_AVAILABILITY = YES_AGGRESSIVE;
				CLANG_WARN_UNREACHABLE_CODE = YES;
				CLANG_WARN__DUPLICATE_METHOD_MATCH = YES;
				CODE_SIGN_IDENTITY = "iPhone Developer";
				COPY_PHASE_STRIP = NO;
				DEBUG_INFORMATION_FORMAT = "dwarf-with-dsym";
				ENABLE_NS_ASSERTIONS = NO;
				ENABLE_STRICT_OBJC_MSGSEND = YES;
				GCC_C_LANGUAGE_STANDARD = gnu11;
				GCC_NO_COMMON_BLOCKS = YES;
				GCC_WARN_64_TO_32_BIT_CONVERSION = YES;
				GCC_WARN_ABOUT_RETURN_TYPE = YES_ERROR;
				GCC_WARN_UNDECLARED_SELECTOR = YES;
				GCC_WARN_UNINITIALIZED_AUTOS = YES_AGGRESSIVE;
				GCC_WARN_UNUSED_FUNCTION = YES;
				GCC_WARN_UNUSED_VARIABLE = YES;
				IPHONEOS_DEPLOYMENT_TARGET = 11.0;
				MTL_ENABLE_DEBUG_INFO = NO;
				SDKROOT = iphoneos;
				SWIFT_OPTIMIZATION_LEVEL = "-Owholemodule";
				VALIDATE_PRODUCT = YES;
			};
			name = Release;
		};
		DDC1AD211F2588C900665E7E /* Debug */ = {
			isa = XCBuildConfiguration;
			buildSettings = {
				ASSETCATALOG_COMPILER_APPICON_NAME = AppIcon;
				INFOPLIST_FILE = "ToDo List/Info.plist";
				LD_RUNPATH_SEARCH_PATHS = "$(inherited) @executable_path/Frameworks";
				PRODUCT_BUNDLE_IDENTIFIER = "NevinHerring.ToDo-List";
				PRODUCT_NAME = "$(TARGET_NAME)";
				SWIFT_VERSION = 4.0;
				TARGETED_DEVICE_FAMILY = "1,2";
			};
			name = Debug;
		};
		DDC1AD221F2588C900665E7E /* Release */ = {
			isa = XCBuildConfiguration;
			buildSettings = {
				ASSETCATALOG_COMPILER_APPICON_NAME = AppIcon;
				INFOPLIST_FILE = "ToDo List/Info.plist";
				LD_RUNPATH_SEARCH_PATHS = "$(inherited) @executable_path/Frameworks";
				PRODUCT_BUNDLE_IDENTIFIER = "NevinHerring.ToDo-List";
				PRODUCT_NAME = "$(TARGET_NAME)";
				SWIFT_VERSION = 4.0;
				TARGETED_DEVICE_FAMILY = "1,2";
			};
			name = Release;
		};
/* End XCBuildConfiguration section */

/* Begin XCConfigurationList section */
		DDC1AD061F2588C800665E7E /* Build configuration list for PBXProject "ToDo List" */ = {
			isa = XCConfigurationList;
			buildConfigurations = (
				DDC1AD1E1F2588C900665E7E /* Debug */,
				DDC1AD1F1F2588C900665E7E /* Release */,
			);
			defaultConfigurationIsVisible = 0;
			defaultConfigurationName = Release;
		};
		DDC1AD201F2588C900665E7E /* Build configuration list for PBXNativeTarget "ToDo List" */ = {
			isa = XCConfigurationList;
			buildConfigurations = (
				DDC1AD211F2588C900665E7E /* Debug */,
				DDC1AD221F2588C900665E7E /* Release */,
			);
			defaultConfigurationIsVisible = 0;
		};
/* End XCConfigurationList section */

/* Begin XCVersionGroup section */
		DDC1AD151F2588C900665E7E /* ToDo_List.xcdatamodeld */ = {
			isa = XCVersionGroup;
			children = (
				DDC1AD161F2588C900665E7E /* ToDo_List.xcdatamodel */,
			);
			currentVersion = DDC1AD161F2588C900665E7E /* ToDo_List.xcdatamodel */;
			path = ToDo_List.xcdatamodeld;
			sourceTree = "<group>";
			versionGroupType = wrapper.xcdatamodel;
		};
/* End XCVersionGroup section */
	};
	rootObject = DDC1AD031F2588C800665E7E /* Project object */;
}
